
Microsoft Visual Studio Solution File, Format Version 12.00
# Visual Studio Version 17
VisualStudioVersion = 17.11.35327.3
MinimumVisualStudioVersion = 10.0.40219.1
Project("{FAE04EC0-301F-11D3-BF4B-00C04F79EFBC}") = "ConsoleApp6", "ConsoleApp6.csproj", "{958A9726-4CD9-4B4C-96B5-A7B75A031497}"
EndProject
Global
	GlobalSection(SolutionConfigurationPlatforms) = preSolution
		Debug|Any CPU = Debug|Any CPU
		Release|Any CPU = Release|Any CPU
	EndGlobalSection
	GlobalSection(ProjectConfigurationPlatforms) = postSolution
		{958A9726-4CD9-4B4C-96B5-A7B75A031497}.Debug|Any CPU.ActiveCfg = Debug|Any CPU
		{958A9726-4CD9-4B4C-96B5-A7B75A031497}.Debug|Any CPU.Build.0 = Debug|Any CPU
		{958A9726-4CD9-4B4C-96B5-A7B75A031497}.Release|Any CPU.ActiveCfg = Release|Any CPU
		{958A9726-4CD9-4B4C-96B5-A7B75A031497}.Release|Any CPU.Build.0 = Release|Any CPU
	EndGlobalSection
	GlobalSection(SolutionProperties) = preSolution
		HideSolutionNode = FALSE
	EndGlobalSection
	GlobalSection(ExtensibilityGlobals) = postSolution
		SolutionGuid = {D251C0F4-E69E-4892-93BE-F5210F776CA5}
	EndGlobalSection
EndGlobal
